<?xml version="1.0" encoding="utf-8"?>
<Project ToolsVersion="4.0" xmlns="http://schemas.microsoft.com/developer/msbuild/2003">
  <ItemGroup>
    <Filter Include="Source Files">
      <UniqueIdentifier>{4FC737F1-C7A5-4376-A066-2A32D752A2FF}</UniqueIdentifier>
      <Extensions>cpp;c;cc;cxx;def;odl;idl;hpj;bat;asm;asmx</Extensions>
    </Filter>
    <Filter Include="Header Files">
      <UniqueIdentifier>{93995380-89BD-4b04-88EB-625FBE52EBFB}</UniqueIdentifier>
      <Extensions>h;hh;hpp;hxx;hm;inl;inc;xsd</Extensions>
    </Filter>
    <Filter Include="Resource Files">
      <UniqueIdentifier>{67DA6AB6-F800-4c08-8B7A-83BB121AAD01}</UniqueIdentifier>
      <Extensions>rc;ico;cur;bmp;dlg;rc2;rct;bin;rgs;gif;jpg;jpeg;jpe;resx;tiff;tif;png;wav;mfcribbon-ms</Extensions>
    </Filter>
    <Filter Include="Source Files\parallels">
      <UniqueIdentifier>{7bbb3535-b8b0-4340-b9bd-97eaf02e3ffd}</UniqueIdentifier>
    </Filter>
    <Filter Include="Source Files\fs">
      <UniqueIdentifier>{716aac9e-2942-4877-b9e0-13fcc543fc4c}</UniqueIdentifier>
    </Filter>
    <Filter Include="Source Files\util">
      <UniqueIdentifier>{57fe8031-243b-4a8a-a59a-471acb64c492}</UniqueIdentifier>
    </Filter>
    <Filter Include="Source Files\memory">
      <UniqueIdentifier>{24d48a18-b71b-4672-8e9d-e6c84d9857a2}</UniqueIdentifier>
    </Filter>
    <Filter Include="Source Files\lang_feature">
      <UniqueIdentifier>{c3d17aab-046f-4e4f-a69a-ba08179ec583}</UniqueIdentifier>
    </Filter>
    <Filter Include="Source Files\functional">
      <UniqueIdentifier>{0b7796ad-12c6-43bd-8c90-a7b66894b628}</UniqueIdentifier>
    </Filter>
    <Filter Include="Source Files\boost_samples">
      <UniqueIdentifier>{f43330f7-33ba-4cb1-b809-e8a6de7665da}</UniqueIdentifier>
    </Filter>
    <Filter Include="Source Files\winrt">
      <UniqueIdentifier>{c621d7ad-69b7-42b6-8687-cbcfb6bdea92}</UniqueIdentifier>
    </Filter>
  </ItemGroup>
  <ItemGroup>
    <ClInclude Include="pch.h">
      <Filter>Header Files</Filter>
    </ClInclude>
    <ClInclude Include="select_sample.h">
      <Filter>Header Files</Filter>
    </ClInclude>
  </ItemGroup>
  <ItemGroup>
    <ClCompile Include="pch.cpp">
      <Filter>Source Files</Filter>
    </ClCompile>
    <ClCompile Include="main.cpp">
      <Filter>Source Files</Filter>
    </ClCompile>
    <ClCompile Include="filesystem\filesystem.cpp">
      <Filter>Source Files\fs</Filter>
    </ClCompile>
    <ClCompile Include="memory\smart_ptr.cpp">
      <Filter>Source Files\memory</Filter>
    </ClCompile>
    <ClCompile Include="lang_feature\lang_feature.cpp">
      <Filter>Source Files\lang_feature</Filter>
    </ClCompile>
    <ClCompile Include="functional\lambda.cpp">
      <Filter>Source Files\functional</Filter>
    </ClCompile>
    <ClCompile Include="boost\logging.cpp">
      <Filter>Source Files\boost_samples</Filter>
    </ClCompile>
    <ClCompile Include="util\datetime.cpp">
      <Filter>Source Files\util</Filter>
    </ClCompile>
    <ClCompile Include="util\util.cpp">
      <Filter>Source Files\util</Filter>
    </ClCompile>
    <ClCompile Include="util\util_types.cpp">
      <Filter>Source Files\util</Filter>
    </ClCompile>
    <ClCompile Include="parallels\parallel.cpp">
      <Filter>Source Files\parallels</Filter>
    </ClCompile>
    <ClCompile Include="winrt\winrt.cpp">
      <Filter>Source Files\winrt</Filter>
    </ClCompile>
  </ItemGroup>
  <ItemGroup>
    <Text Include="readme.txt" />
  </ItemGroup>
</Project>