
Microsoft Visual Studio Solution File, Format Version 12.00
# Visual Studio 15
VisualStudioVersion = 15.0.27703.2047
MinimumVisualStudioVersion = 10.0.40219.1
Project("{8BC9CEB8-8B4A-11D0-8D11-00A0C91BC942}") = "cpp_samples", "cpp_samples\cpp_samples.vcxproj", "{DCA3EE17-0257-4424-9019-94BD205CB919}"
EndProject
Global
	GlobalSection(SolutionConfigurationPlatforms) = preSolution
		Debug|x64 = Debug|x64
		Debug|x86 = Debug|x86
		Release|x64 = Release|x64
		Release|x86 = Release|x86
	EndGlobalSection
	GlobalSection(ProjectConfigurationPlatforms) = postSolution
		{DCA3EE17-0257-4424-9019-94BD205CB919}.Debug|x64.ActiveCfg = Debug|x64
		{DCA3EE17-0257-4424-9019-94BD205CB919}.Debug|x64.Build.0 = Debug|x64
		{DCA3EE17-0257-4424-9019-94BD205CB919}.Debug|x86.ActiveCfg = Debug|Win32
		{DCA3EE17-0257-4424-9019-94BD205CB919}.Debug|x86.Build.0 = Debug|Win32
		{DCA3EE17-0257-4424-9019-94BD205CB919}.Release|x64.ActiveCfg = Release|x64
		{DCA3EE17-0257-4424-9019-94BD205CB919}.Release|x64.Build.0 = Release|x64
		{DCA3EE17-0257-4424-9019-94BD205CB919}.Release|x86.ActiveCfg = Release|Win32
		{DCA3EE17-0257-4424-9019-94BD205CB919}.Release|x86.Build.0 = Release|Win32
	EndGlobalSection
	GlobalSection(SolutionProperties) = preSolution
		HideSolutionNode = FALSE
	EndGlobalSection
	GlobalSection(ExtensibilityGlobals) = postSolution
		SolutionGuid = {85430667-FDBE-4C74-81B8-C7F7766EA42B}
	EndGlobalSection
EndGlobal
